
Microsoft Visual Studio Solution File, Format Version 12.00
# Visual Studio Version 17
VisualStudioVersion = 17.13.35828.75
MinimumVisualStudioVersion = 10.0.40219.1
Project("{FAE04EC0-301F-11D3-BF4B-00C04F79EFBC}") = "ChatDrivenOnboarding", "ChatDrivenOnboarding.csproj", "{99A9F974-24AF-48CE-88C7-9C878F463DA7}"
EndProject
Global
	GlobalSection(SolutionConfigurationPlatforms) = preSolution
		Debug|Any CPU = Debug|Any CPU
		Release|Any CPU = Release|Any CPU
	EndGlobalSection
	GlobalSection(ProjectConfigurationPlatforms) = postSolution
		{99A9F974-24AF-48CE-88C7-9C878F463DA7}.Debug|Any CPU.ActiveCfg = Debug|Any CPU
		{99A9F974-24AF-48CE-88C7-9C878F463DA7}.Debug|Any CPU.Build.0 = Debug|Any CPU
		{99A9F974-24AF-48CE-88C7-9C878F463DA7}.Release|Any CPU.ActiveCfg = Release|Any CPU
		{99A9F974-24AF-48CE-88C7-9C878F463DA7}.Release|Any CPU.Build.0 = Release|Any CPU
	EndGlobalSection
	GlobalSection(SolutionProperties) = preSolution
		HideSolutionNode = FALSE
	EndGlobalSection
	GlobalSection(ExtensibilityGlobals) = postSolution
		SolutionGuid = {04EB12C5-ED35-4C74-B028-5B887DDABACE}
	EndGlobalSection
EndGlobal
