
Microsoft Visual Studio Solution File, Format Version 12.00
# Visual Studio Version 17
VisualStudioVersion = 17.9.34622.214
MinimumVisualStudioVersion = 10.0.40219.1
Project("{2150E333-8FDC-42A3-9474-1A3956D46DE8}") = "Core", "Core", "{882174A9-85F8-4D32-AF65-9BD6826630B0}"
EndProject
Project("{FAE04EC0-301F-11D3-BF4B-00C04F79EFBC}") = "Domain", "Domain\Domain.csproj", "{ED6F0DF1-6994-4E92-9C52-5BF019779AB0}"
EndProject
Project("{FAE04EC0-301F-11D3-BF4B-00C04F79EFBC}") = "Application", "Application\Application.csproj", "{FCB70257-22E6-4B89-8275-1E5D2215F186}"
EndProject
Project("{FAE04EC0-301F-11D3-BF4B-00C04F79EFBC}") = "Infrastructure", "Infrastructure\Infrastructure.csproj", "{C517C6BE-8814-4B70-A5A9-13B2B29DE8BA}"
EndProject
Project("{FAE04EC0-301F-11D3-BF4B-00C04F79EFBC}") = "WebApi", "WebApi\WebApi.csproj", "{F00F0A30-26C7-43CB-84C8-4FADDB254658}"
EndProject
Global
	GlobalSection(SolutionConfigurationPlatforms) = preSolution
		Debug|Any CPU = Debug|Any CPU
		Release|Any CPU = Release|Any CPU
	EndGlobalSection
	GlobalSection(ProjectConfigurationPlatforms) = postSolution
		{ED6F0DF1-6994-4E92-9C52-5BF019779AB0}.Debug|Any CPU.ActiveCfg = Debug|Any CPU
		{ED6F0DF1-6994-4E92-9C52-5BF019779AB0}.Debug|Any CPU.Build.0 = Debug|Any CPU
		{ED6F0DF1-6994-4E92-9C52-5BF019779AB0}.Release|Any CPU.ActiveCfg = Release|Any CPU
		{ED6F0DF1-6994-4E92-9C52-5BF019779AB0}.Release|Any CPU.Build.0 = Release|Any CPU
		{FCB70257-22E6-4B89-8275-1E5D2215F186}.Debug|Any CPU.ActiveCfg = Debug|Any CPU
		{FCB70257-22E6-4B89-8275-1E5D2215F186}.Debug|Any CPU.Build.0 = Debug|Any CPU
		{FCB70257-22E6-4B89-8275-1E5D2215F186}.Release|Any CPU.ActiveCfg = Release|Any CPU
		{FCB70257-22E6-4B89-8275-1E5D2215F186}.Release|Any CPU.Build.0 = Release|Any CPU
		{C517C6BE-8814-4B70-A5A9-13B2B29DE8BA}.Debug|Any CPU.ActiveCfg = Debug|Any CPU
		{C517C6BE-8814-4B70-A5A9-13B2B29DE8BA}.Debug|Any CPU.Build.0 = Debug|Any CPU
		{C517C6BE-8814-4B70-A5A9-13B2B29DE8BA}.Release|Any CPU.ActiveCfg = Release|Any CPU
		{C517C6BE-8814-4B70-A5A9-13B2B29DE8BA}.Release|Any CPU.Build.0 = Release|Any CPU
		{F00F0A30-26C7-43CB-84C8-4FADDB254658}.Debug|Any CPU.ActiveCfg = Debug|Any CPU
		{F00F0A30-26C7-43CB-84C8-4FADDB254658}.Debug|Any CPU.Build.0 = Debug|Any CPU
		{F00F0A30-26C7-43CB-84C8-4FADDB254658}.Release|Any CPU.ActiveCfg = Release|Any CPU
		{F00F0A30-26C7-43CB-84C8-4FADDB254658}.Release|Any CPU.Build.0 = Release|Any CPU
	EndGlobalSection
	GlobalSection(SolutionProperties) = preSolution
		HideSolutionNode = FALSE
	EndGlobalSection
	GlobalSection(NestedProjects) = preSolution
		{ED6F0DF1-6994-4E92-9C52-5BF019779AB0} = {882174A9-85F8-4D32-AF65-9BD6826630B0}
		{FCB70257-22E6-4B89-8275-1E5D2215F186} = {882174A9-85F8-4D32-AF65-9BD6826630B0}
	EndGlobalSection
	GlobalSection(ExtensibilityGlobals) = postSolution
		SolutionGuid = {2FC96EA1-2DB5-40E1-A6FB-20945AB647C4}
	EndGlobalSection
EndGlobal
