
Microsoft Visual Studio Solution File, Format Version 12.00
# Visual Studio Version 17
VisualStudioVersion = 17.9.34622.214
MinimumVisualStudioVersion = 10.0.40219.1
Project("{FAE04EC0-301F-11D3-BF4B-00C04F79EFBC}") = "DemoWithDI", "DemoWithDI\DemoWithDI.csproj", "{ED35E4A9-2F47-45B2-8652-5E73C79EEA80}"
EndProject
Global
	GlobalSection(SolutionConfigurationPlatforms) = preSolution
		Debug|Any CPU = Debug|Any CPU
		Release|Any CPU = Release|Any CPU
	EndGlobalSection
	GlobalSection(ProjectConfigurationPlatforms) = postSolution
		{ED35E4A9-2F47-45B2-8652-5E73C79EEA80}.Debug|Any CPU.ActiveCfg = Debug|Any CPU
		{ED35E4A9-2F47-45B2-8652-5E73C79EEA80}.Debug|Any CPU.Build.0 = Debug|Any CPU
		{ED35E4A9-2F47-45B2-8652-5E73C79EEA80}.Release|Any CPU.ActiveCfg = Release|Any CPU
		{ED35E4A9-2F47-45B2-8652-5E73C79EEA80}.Release|Any CPU.Build.0 = Release|Any CPU
	EndGlobalSection
	GlobalSection(SolutionProperties) = preSolution
		HideSolutionNode = FALSE
	EndGlobalSection
	GlobalSection(ExtensibilityGlobals) = postSolution
		SolutionGuid = {5370AA6E-6051-47E5-898C-8480B0FDE0BB}
	EndGlobalSection
EndGlobal
