
Microsoft Visual Studio Solution File, Format Version 12.00
# Visual Studio Version 17
VisualStudioVersion = 17.9.34622.214
MinimumVisualStudioVersion = 10.0.40219.1
Project("{FAE04EC0-301F-11D3-BF4B-00C04F79EFBC}") = "EmployeesDeskAPI", "EmployeesDeskAPI.csproj", "{ACAEA88C-16B6-46AD-A870-C794EADC5C82}"
EndProject
Project("{FAE04EC0-301F-11D3-BF4B-00C04F79EFBC}") = "EmployeesDataBase", "..\EmployeesDataBase\EmployeesDataBase.csproj", "{C65FBE54-0A69-4D5D-B587-FE6CDB561C2B}"
EndProject
Global
	GlobalSection(SolutionConfigurationPlatforms) = preSolution
		Debug|Any CPU = Debug|Any CPU
		Release|Any CPU = Release|Any CPU
	EndGlobalSection
	GlobalSection(ProjectConfigurationPlatforms) = postSolution
		{ACAEA88C-16B6-46AD-A870-C794EADC5C82}.Debug|Any CPU.ActiveCfg = Debug|Any CPU
		{ACAEA88C-16B6-46AD-A870-C794EADC5C82}.Debug|Any CPU.Build.0 = Debug|Any CPU
		{ACAEA88C-16B6-46AD-A870-C794EADC5C82}.Release|Any CPU.ActiveCfg = Release|Any CPU
		{ACAEA88C-16B6-46AD-A870-C794EADC5C82}.Release|Any CPU.Build.0 = Release|Any CPU
		{C65FBE54-0A69-4D5D-B587-FE6CDB561C2B}.Debug|Any CPU.ActiveCfg = Debug|Any CPU
		{C65FBE54-0A69-4D5D-B587-FE6CDB561C2B}.Debug|Any CPU.Build.0 = Debug|Any CPU
		{C65FBE54-0A69-4D5D-B587-FE6CDB561C2B}.Release|Any CPU.ActiveCfg = Release|Any CPU
		{C65FBE54-0A69-4D5D-B587-FE6CDB561C2B}.Release|Any CPU.Build.0 = Release|Any CPU
	EndGlobalSection
	GlobalSection(SolutionProperties) = preSolution
		HideSolutionNode = FALSE
	EndGlobalSection
	GlobalSection(ExtensibilityGlobals) = postSolution
		SolutionGuid = {1FE5CF13-A049-4FC1-8ED7-388CADA40B76}
	EndGlobalSection
EndGlobal
