
Microsoft Visual Studio Solution File, Format Version 12.00
# Visual Studio Version 17
VisualStudioVersion = 17.9.34622.214
MinimumVisualStudioVersion = 10.0.40219.1
Project("{FAE04EC0-301F-11D3-BF4B-00C04F79EFBC}") = "Error&Exception", "Error&Exception.csproj", "{BADC106C-F361-40D2-8E73-0705B524DA16}"
EndProject
Global
	GlobalSection(SolutionConfigurationPlatforms) = preSolution
		Debug|Any CPU = Debug|Any CPU
		Release|Any CPU = Release|Any CPU
	EndGlobalSection
	GlobalSection(ProjectConfigurationPlatforms) = postSolution
		{BADC106C-F361-40D2-8E73-0705B524DA16}.Debug|Any CPU.ActiveCfg = Debug|Any CPU
		{BADC106C-F361-40D2-8E73-0705B524DA16}.Debug|Any CPU.Build.0 = Debug|Any CPU
		{BADC106C-F361-40D2-8E73-0705B524DA16}.Release|Any CPU.ActiveCfg = Release|Any CPU
		{BADC106C-F361-40D2-8E73-0705B524DA16}.Release|Any CPU.Build.0 = Release|Any CPU
	EndGlobalSection
	GlobalSection(SolutionProperties) = preSolution
		HideSolutionNode = FALSE
	EndGlobalSection
	GlobalSection(ExtensibilityGlobals) = postSolution
		SolutionGuid = {56C82DB3-A784-47AF-8AA7-2CCB0876773F}
	EndGlobalSection
EndGlobal
