
Microsoft Visual Studio Solution File, Format Version 12.00
# Visual Studio Version 17
VisualStudioVersion = 17.9.34622.214
MinimumVisualStudioVersion = 10.0.40219.1
Project("{FAE04EC0-301F-11D3-BF4B-00C04F79EFBC}") = "MultiThreading", "MultiThreading\MultiThreading.csproj", "{66D2848F-7474-40E1-9783-7368A4842DAF}"
EndProject
Global
	GlobalSection(SolutionConfigurationPlatforms) = preSolution
		Debug|Any CPU = Debug|Any CPU
		Release|Any CPU = Release|Any CPU
	EndGlobalSection
	GlobalSection(ProjectConfigurationPlatforms) = postSolution
		{66D2848F-7474-40E1-9783-7368A4842DAF}.Debug|Any CPU.ActiveCfg = Debug|Any CPU
		{66D2848F-7474-40E1-9783-7368A4842DAF}.Debug|Any CPU.Build.0 = Debug|Any CPU
		{66D2848F-7474-40E1-9783-7368A4842DAF}.Release|Any CPU.ActiveCfg = Release|Any CPU
		{66D2848F-7474-40E1-9783-7368A4842DAF}.Release|Any CPU.Build.0 = Release|Any CPU
	EndGlobalSection
	GlobalSection(SolutionProperties) = preSolution
		HideSolutionNode = FALSE
	EndGlobalSection
	GlobalSection(ExtensibilityGlobals) = postSolution
		SolutionGuid = {EC02F8EA-38C4-45E6-9A4D-83397500F486}
	EndGlobalSection
EndGlobal
