
Microsoft Visual Studio Solution File, Format Version 12.00
# Visual Studio Version 17
VisualStudioVersion = 17.9.34622.214
MinimumVisualStudioVersion = 10.0.40219.1
Project("{FAE04EC0-301F-11D3-BF4B-00C04F79EFBC}") = "LocalErrorHandling", "LocalErrorHandling.csproj", "{5E0AB7C3-289D-4B21-83B2-B12554C1AF17}"
EndProject
Global
	GlobalSection(SolutionConfigurationPlatforms) = preSolution
		Debug|Any CPU = Debug|Any CPU
		Release|Any CPU = Release|Any CPU
	EndGlobalSection
	GlobalSection(ProjectConfigurationPlatforms) = postSolution
		{5E0AB7C3-289D-4B21-83B2-B12554C1AF17}.Debug|Any CPU.ActiveCfg = Debug|Any CPU
		{5E0AB7C3-289D-4B21-83B2-B12554C1AF17}.Debug|Any CPU.Build.0 = Debug|Any CPU
		{5E0AB7C3-289D-4B21-83B2-B12554C1AF17}.Release|Any CPU.ActiveCfg = Release|Any CPU
		{5E0AB7C3-289D-4B21-83B2-B12554C1AF17}.Release|Any CPU.Build.0 = Release|Any CPU
	EndGlobalSection
	GlobalSection(SolutionProperties) = preSolution
		HideSolutionNode = FALSE
	EndGlobalSection
	GlobalSection(ExtensibilityGlobals) = postSolution
		SolutionGuid = {A090EC6D-9E61-4E5F-AD3D-900939C54376}
	EndGlobalSection
EndGlobal
