
Microsoft Visual Studio Solution File, Format Version 12.00
# Visual Studio Version 17
VisualStudioVersion = 17.9.34622.214
MinimumVisualStudioVersion = 10.0.40219.1
Project("{9A19103F-16F7-4668-BE54-9A1E7A4F7556}") = "StudentAPI", "StudentAPI\StudentAPI.csproj", "{4503C053-3ADC-4515-9084-4D008D4C068B}"
EndProject
Project("{FAE04EC0-301F-11D3-BF4B-00C04F79EFBC}") = "StudentAPITests", "StudentAPITests\StudentAPITests.csproj", "{7860095F-6C9B-4E8F-A900-A3F79B90EB37}"
EndProject
Global
	GlobalSection(SolutionConfigurationPlatforms) = preSolution
		Debug|Any CPU = Debug|Any CPU
		Release|Any CPU = Release|Any CPU
	EndGlobalSection
	GlobalSection(ProjectConfigurationPlatforms) = postSolution
		{4503C053-3ADC-4515-9084-4D008D4C068B}.Debug|Any CPU.ActiveCfg = Debug|Any CPU
		{4503C053-3ADC-4515-9084-4D008D4C068B}.Debug|Any CPU.Build.0 = Debug|Any CPU
		{4503C053-3ADC-4515-9084-4D008D4C068B}.Release|Any CPU.ActiveCfg = Release|Any CPU
		{4503C053-3ADC-4515-9084-4D008D4C068B}.Release|Any CPU.Build.0 = Release|Any CPU
		{7860095F-6C9B-4E8F-A900-A3F79B90EB37}.Debug|Any CPU.ActiveCfg = Debug|Any CPU
		{7860095F-6C9B-4E8F-A900-A3F79B90EB37}.Debug|Any CPU.Build.0 = Debug|Any CPU
		{7860095F-6C9B-4E8F-A900-A3F79B90EB37}.Release|Any CPU.ActiveCfg = Release|Any CPU
		{7860095F-6C9B-4E8F-A900-A3F79B90EB37}.Release|Any CPU.Build.0 = Release|Any CPU
	EndGlobalSection
	GlobalSection(SolutionProperties) = preSolution
		HideSolutionNode = FALSE
	EndGlobalSection
	GlobalSection(ExtensibilityGlobals) = postSolution
		SolutionGuid = {7A75B462-2A35-4E08-88A9-8BB22FE84077}
	EndGlobalSection
EndGlobal
