
Microsoft Visual Studio Solution File, Format Version 12.00
# Visual Studio Version 17
VisualStudioVersion = 17.10.35013.160
MinimumVisualStudioVersion = 10.0.40219.1
Project("{FAE04EC0-301F-11D3-BF4B-00C04F79EFBC}") = "CascadeCache", "CascadeCache.csproj", "{21BC7164-E425-4FBD-A39A-6609E05EE53A}"
EndProject
Global
	GlobalSection(SolutionConfigurationPlatforms) = preSolution
		Debug|Any CPU = Debug|Any CPU
		Release|Any CPU = Release|Any CPU
	EndGlobalSection
	GlobalSection(ProjectConfigurationPlatforms) = postSolution
		{21BC7164-E425-4FBD-A39A-6609E05EE53A}.Debug|Any CPU.ActiveCfg = Debug|Any CPU
		{21BC7164-E425-4FBD-A39A-6609E05EE53A}.Debug|Any CPU.Build.0 = Debug|Any CPU
		{21BC7164-E425-4FBD-A39A-6609E05EE53A}.Release|Any CPU.ActiveCfg = Release|Any CPU
		{21BC7164-E425-4FBD-A39A-6609E05EE53A}.Release|Any CPU.Build.0 = Release|Any CPU
	EndGlobalSection
	GlobalSection(SolutionProperties) = preSolution
		HideSolutionNode = FALSE
	EndGlobalSection
	GlobalSection(ExtensibilityGlobals) = postSolution
		SolutionGuid = {BA838A2B-F9A1-4C14-8EE1-637B5094EC44}
	EndGlobalSection
EndGlobal
