
Microsoft Visual Studio Solution File, Format Version 12.00
# Visual Studio Version 17
VisualStudioVersion = 17.10.35013.160
MinimumVisualStudioVersion = 10.0.40219.1
Project("{FAE04EC0-301F-11D3-BF4B-00C04F79EFBC}") = "WatsonIntegrationAPI", "WatsonIntegrationAPI.csproj", "{B1B540DC-AFDB-41E6-B012-77695093BAE6}"
EndProject
Global
	GlobalSection(SolutionConfigurationPlatforms) = preSolution
		Debug|Any CPU = Debug|Any CPU
		Release|Any CPU = Release|Any CPU
	EndGlobalSection
	GlobalSection(ProjectConfigurationPlatforms) = postSolution
		{B1B540DC-AFDB-41E6-B012-77695093BAE6}.Debug|Any CPU.ActiveCfg = Debug|Any CPU
		{B1B540DC-AFDB-41E6-B012-77695093BAE6}.Debug|Any CPU.Build.0 = Debug|Any CPU
		{B1B540DC-AFDB-41E6-B012-77695093BAE6}.Release|Any CPU.ActiveCfg = Release|Any CPU
		{B1B540DC-AFDB-41E6-B012-77695093BAE6}.Release|Any CPU.Build.0 = Release|Any CPU
	EndGlobalSection
	GlobalSection(SolutionProperties) = preSolution
		HideSolutionNode = FALSE
	EndGlobalSection
	GlobalSection(ExtensibilityGlobals) = postSolution
		SolutionGuid = {B8D05D2E-284A-4CFB-8E0F-7916E7EE4871}
	EndGlobalSection
EndGlobal
