
Microsoft Visual Studio Solution File, Format Version 12.00
# Visual Studio Version 17
VisualStudioVersion = 17.8.34330.188
MinimumVisualStudioVersion = 10.0.40219.1
Project("{FAE04EC0-301F-11D3-BF4B-00C04F79EFBC}") = "WetherPipeline", "WetherPipeline\WetherPipeline.csproj", "{DFA24C7A-3E52-4D1A-AADC-EB5E4CE4348E}"
EndProject
Global
	GlobalSection(SolutionConfigurationPlatforms) = preSolution
		Debug|Any CPU = Debug|Any CPU
		Release|Any CPU = Release|Any CPU
	EndGlobalSection
	GlobalSection(ProjectConfigurationPlatforms) = postSolution
		{DFA24C7A-3E52-4D1A-AADC-EB5E4CE4348E}.Debug|Any CPU.ActiveCfg = Debug|Any CPU
		{DFA24C7A-3E52-4D1A-AADC-EB5E4CE4348E}.Debug|Any CPU.Build.0 = Debug|Any CPU
		{DFA24C7A-3E52-4D1A-AADC-EB5E4CE4348E}.Release|Any CPU.ActiveCfg = Release|Any CPU
		{DFA24C7A-3E52-4D1A-AADC-EB5E4CE4348E}.Release|Any CPU.Build.0 = Release|Any CPU
	EndGlobalSection
	GlobalSection(SolutionProperties) = preSolution
		HideSolutionNode = FALSE
	EndGlobalSection
	GlobalSection(ExtensibilityGlobals) = postSolution
		SolutionGuid = {557F4DDB-9CAF-4C5E-B148-7C9E139B5E60}
	EndGlobalSection
EndGlobal
